// !$*UTF8*$!
{
	archiveVersion = 1;
	classes = {
	};
	objectVersion = 46;
	objects = {

/* Begin PBXBuildFile section */
		1B1D29BF1E8AAF3A000772B6 /* csv.swift in Sources */ = {isa = PBXBuildFile; fileRef = 1B1D29BE1E8AAF3A000772B6 /* csv.swift */; };
		1B1D29E41E8AB186000772B6 /* data.csv in Resources */ = {isa = PBXBuildFile; fileRef = 1B1D29E31E8AB186000772B6 /* data.csv */; };
		1B3DB4281EA0D4690009A289 /* AnimalTabController.swift in Sources */ = {isa = PBXBuildFile; fileRef = 1B3DB4271EA0D4690009A289 /* AnimalTabController.swift */; };
		1B3DB42A1EA118070009A289 /* BirthsTableViewController.swift in Sources */ = {isa = PBXBuildFile; fileRef = 1B3DB4291EA118070009A289 /* BirthsTableViewController.swift */; };
		1B3DB42D1EA119120009A289 /* Birth.swift in Sources */ = {isa = PBXBuildFile; fileRef = 1B3DB42C1EA119120009A289 /* Birth.swift */; };
		1B3DB42F1EA11BC80009A289 /* BirthsTableViewCell.swift in Sources */ = {isa = PBXBuildFile; fileRef = 1B3DB42E1EA11BC80009A289 /* BirthsTableViewCell.swift */; };
		1B3DB4311EA12C6A0009A289 /* birthsData.csv in Resources */ = {isa = PBXBuildFile; fileRef = 1B3DB4301EA12C6A0009A289 /* birthsData.csv */; };
		1B3DB4331EA12E260009A289 /* BirthDetailViewController.swift in Sources */ = {isa = PBXBuildFile; fileRef = 1B3DB4321EA12E260009A289 /* BirthDetailViewController.swift */; };
		1B3DB4351EA1306E0009A289 /* BirthViewController.swift in Sources */ = {isa = PBXBuildFile; fileRef = 1B3DB4341EA1306E0009A289 /* BirthViewController.swift */; };
		1B3DB43F1EA3759D0009A289 /* SecurityViewController.swift in Sources */ = {isa = PBXBuildFile; fileRef = 1B3DB43E1EA3759D0009A289 /* SecurityViewController.swift */; };
		1B3DB4411EA37B460009A289 /* PestTableViewController.swift in Sources */ = {isa = PBXBuildFile; fileRef = 1B3DB4401EA37B460009A289 /* PestTableViewController.swift */; };
		1B3DB4431EA37B7F0009A289 /* Pest.swift in Sources */ = {isa = PBXBuildFile; fileRef = 1B3DB4421EA37B7F0009A289 /* Pest.swift */; };
		1B3DB4451EA37BB90009A289 /* PestTableViewCell.swift in Sources */ = {isa = PBXBuildFile; fileRef = 1B3DB4441EA37BB90009A289 /* PestTableViewCell.swift */; };
		1B3DB4471EA37DBC0009A289 /* PestInputTableViewCell.swift in Sources */ = {isa = PBXBuildFile; fileRef = 1B3DB4461EA37DBC0009A289 /* PestInputTableViewCell.swift */; };
		1B3DB44F1EA3B5BC0009A289 /* PestViewController.swift in Sources */ = {isa = PBXBuildFile; fileRef = 1B3DB44E1EA3B5BC0009A289 /* PestViewController.swift */; };
		1B3DB4511EA3CF8E0009A289 /* TemperatureViewController.swift in Sources */ = {isa = PBXBuildFile; fileRef = 1B3DB4501EA3CF8E0009A289 /* TemperatureViewController.swift */; };
		1B3DB4571EA441370009A289 /* Pill.swift in Sources */ = {isa = PBXBuildFile; fileRef = 1B3DB4561EA441370009A289 /* Pill.swift */; };
		1B3DB45D1EA443590009A289 /* PillTableViewCell.swift in Sources */ = {isa = PBXBuildFile; fileRef = 1B3DB45C1EA443590009A289 /* PillTableViewCell.swift */; };
		1B3DB45F1EA443670009A289 /* VaccineTableViewCell.swift in Sources */ = {isa = PBXBuildFile; fileRef = 1B3DB45E1EA443670009A289 /* VaccineTableViewCell.swift */; };
		1B3DB4611EA4B6190009A289 /* FeedingTableViewController.swift in Sources */ = {isa = PBXBuildFile; fileRef = 1B3DB4601EA4B6190009A289 /* FeedingTableViewController.swift */; };
		1B3DB4631EA4BF390009A289 /* FeedingTableViewCell.swift in Sources */ = {isa = PBXBuildFile; fileRef = 1B3DB4621EA4BF390009A289 /* FeedingTableViewCell.swift */; };
		1B3DB4651EA4C8E10009A289 /* Feeding.swift in Sources */ = {isa = PBXBuildFile; fileRef = 1B3DB4641EA4C8E10009A289 /* Feeding.swift */; };
		1B3DB4671EA4DB670009A289 /* FeedingViewController.swift in Sources */ = {isa = PBXBuildFile; fileRef = 1B3DB4661EA4DB670009A289 /* FeedingViewController.swift */; };
		1B54DF711E9D43B70017E5C1 /* Controlador.swift in Sources */ = {isa = PBXBuildFile; fileRef = 1B54DF701E9D43B70017E5C1 /* Controlador.swift */; };
		1B54DF731E9E47C80017E5C1 /* Vaccine.swift in Sources */ = {isa = PBXBuildFile; fileRef = 1B54DF721E9E47C80017E5C1 /* Vaccine.swift */; };
		1B5EE2F21E673892002C2F06 /* AppDelegate.swift in Sources */ = {isa = PBXBuildFile; fileRef = 1B5EE2F11E673892002C2F06 /* AppDelegate.swift */; };
		1B5EE2F41E673892002C2F06 /* ViewController.swift in Sources */ = {isa = PBXBuildFile; fileRef = 1B5EE2F31E673892002C2F06 /* ViewController.swift */; };
		1B5EE2F71E673892002C2F06 /* Main.storyboard in Resources */ = {isa = PBXBuildFile; fileRef = 1B5EE2F51E673892002C2F06 /* Main.storyboard */; };
		1B5EE2FA1E673892002C2F06 /* CDI.xcdatamodeld in Sources */ = {isa = PBXBuildFile; fileRef = 1B5EE2F81E673892002C2F06 /* CDI.xcdatamodeld */; };
		1B5EE2FC1E673892002C2F06 /* Assets.xcassets in Resources */ = {isa = PBXBuildFile; fileRef = 1B5EE2FB1E673892002C2F06 /* Assets.xcassets */; };
		1B5EE2FF1E673892002C2F06 /* LaunchScreen.storyboard in Resources */ = {isa = PBXBuildFile; fileRef = 1B5EE2FD1E673892002C2F06 /* LaunchScreen.storyboard */; };
		1BAFD1B61E6C4F1A005F3F0C /* BackTableVC.swift in Sources */ = {isa = PBXBuildFile; fileRef = 1BAFD1B51E6C4F1A005F3F0C /* BackTableVC.swift */; };
		1BD7039B1E6D94E300947DF0 /* SWRevealViewController.m in Sources */ = {isa = PBXBuildFile; fileRef = 1BD7039A1E6D94E300947DF0 /* SWRevealViewController.m */; };
		1BD703A31E6DD36800947DF0 /* ManagementTableViewCell.swift in Sources */ = {isa = PBXBuildFile; fileRef = 1BD703A21E6DD36800947DF0 /* ManagementTableViewCell.swift */; };
		1BD703A91E6F169200947DF0 /* ManagementTableViewController.swift in Sources */ = {isa = PBXBuildFile; fileRef = 1BD703A81E6F169200947DF0 /* ManagementTableViewController.swift */; };
		1BD703AB1E7178E400947DF0 /* Animal.swift in Sources */ = {isa = PBXBuildFile; fileRef = 1BD703AA1E7178E400947DF0 /* Animal.swift */; };
		1BD703AD1E71A38200947DF0 /* AnimalViewController.swift in Sources */ = {isa = PBXBuildFile; fileRef = 1BD703AC1E71A38200947DF0 /* AnimalViewController.swift */; };
		1BD703AF1E72CFB100947DF0 /* AnimalDetailViewController.swift in Sources */ = {isa = PBXBuildFile; fileRef = 1BD703AE1E72CFB100947DF0 /* AnimalDetailViewController.swift */; };
		1BD703B31E74642F00947DF0 /* UnderlinedField.swift in Sources */ = {isa = PBXBuildFile; fileRef = 1BD703B21E74642F00947DF0 /* UnderlinedField.swift */; };
		1BD703B51E74A26A00947DF0 /* UnderlinedLabel.swift in Sources */ = {isa = PBXBuildFile; fileRef = 1BD703B41E74A26A00947DF0 /* UnderlinedLabel.swift */; };
/* End PBXBuildFile section */

/* Begin PBXFileReference section */
		1B1B4EB41E8153D100B0E3B1 /* es */ = {isa = PBXFileReference; lastKnownFileType = text.plist.strings; name = es; path = es.lproj/Main.strings; sourceTree = "<group>"; };
		1B1B4EB51E8153D100B0E3B1 /* es */ = {isa = PBXFileReference; lastKnownFileType = text.plist.strings; name = es; path = es.lproj/LaunchScreen.strings; sourceTree = "<group>"; };
		1B1D29BE1E8AAF3A000772B6 /* csv.swift */ = {isa = PBXFileReference; fileEncoding = 4; lastKnownFileType = sourcecode.swift; path = csv.swift; sourceTree = "<group>"; };
		1B1D29E31E8AB186000772B6 /* data.csv */ = {isa = PBXFileReference; fileEncoding = 4; lastKnownFileType = text; path = data.csv; sourceTree = "<group>"; };
		1B3DB4271EA0D4690009A289 /* AnimalTabController.swift */ = {isa = PBXFileReference; fileEncoding = 4; lastKnownFileType = sourcecode.swift; path = AnimalTabController.swift; sourceTree = "<group>"; };
		1B3DB4291EA118070009A289 /* BirthsTableViewController.swift */ = {isa = PBXFileReference; fileEncoding = 4; lastKnownFileType = sourcecode.swift; path = BirthsTableViewController.swift; sourceTree = "<group>"; };
		1B3DB42C1EA119120009A289 /* Birth.swift */ = {isa = PBXFileReference; fileEncoding = 4; lastKnownFileType = sourcecode.swift; path = Birth.swift; sourceTree = "<group>"; };
		1B3DB42E1EA11BC80009A289 /* BirthsTableViewCell.swift */ = {isa = PBXFileReference; fileEncoding = 4; lastKnownFileType = sourcecode.swift; path = BirthsTableViewCell.swift; sourceTree = "<group>"; };
		1B3DB4301EA12C6A0009A289 /* birthsData.csv */ = {isa = PBXFileReference; fileEncoding = 4; lastKnownFileType = text; path = birthsData.csv; sourceTree = "<group>"; };
		1B3DB4321EA12E260009A289 /* BirthDetailViewController.swift */ = {isa = PBXFileReference; fileEncoding = 4; lastKnownFileType = sourcecode.swift; path = BirthDetailViewController.swift; sourceTree = "<group>"; };
		1B3DB4341EA1306E0009A289 /* BirthViewController.swift */ = {isa = PBXFileReference; fileEncoding = 4; lastKnownFileType = sourcecode.swift; path = BirthViewController.swift; sourceTree = "<group>"; };
		1B3DB43E1EA3759D0009A289 /* SecurityViewController.swift */ = {isa = PBXFileReference; fileEncoding = 4; lastKnownFileType = sourcecode.swift; path = SecurityViewController.swift; sourceTree = "<group>"; };
		1B3DB4401EA37B460009A289 /* PestTableViewController.swift */ = {isa = PBXFileReference; fileEncoding = 4; lastKnownFileType = sourcecode.swift; path = PestTableViewController.swift; sourceTree = "<group>"; };
		1B3DB4421EA37B7F0009A289 /* Pest.swift */ = {isa = PBXFileReference; fileEncoding = 4; lastKnownFileType = sourcecode.swift; path = Pest.swift; sourceTree = "<group>"; };
		1B3DB4441EA37BB90009A289 /* PestTableViewCell.swift */ = {isa = PBXFileReference; fileEncoding = 4; lastKnownFileType = sourcecode.swift; path = PestTableViewCell.swift; sourceTree = "<group>"; };
		1B3DB4461EA37DBC0009A289 /* PestInputTableViewCell.swift */ = {isa = PBXFileReference; fileEncoding = 4; lastKnownFileType = sourcecode.swift; path = PestInputTableViewCell.swift; sourceTree = "<group>"; };
		1B3DB44E1EA3B5BC0009A289 /* PestViewController.swift */ = {isa = PBXFileReference; fileEncoding = 4; lastKnownFileType = sourcecode.swift; path = PestViewController.swift; sourceTree = "<group>"; };
		1B3DB4501EA3CF8E0009A289 /* TemperatureViewController.swift */ = {isa = PBXFileReference; fileEncoding = 4; lastKnownFileType = sourcecode.swift; path = TemperatureViewController.swift; sourceTree = "<group>"; };
		1B3DB4561EA441370009A289 /* Pill.swift */ = {isa = PBXFileReference; fileEncoding = 4; lastKnownFileType = sourcecode.swift; path = Pill.swift; sourceTree = "<group>"; };
		1B3DB45C1EA443590009A289 /* PillTableViewCell.swift */ = {isa = PBXFileReference; fileEncoding = 4; lastKnownFileType = sourcecode.swift; name = PillTableViewCell.swift; path = ../PillTableViewCell.swift; sourceTree = "<group>"; };
		1B3DB45E1EA443670009A289 /* VaccineTableViewCell.swift */ = {isa = PBXFileReference; fileEncoding = 4; lastKnownFileType = sourcecode.swift; name = VaccineTableViewCell.swift; path = ../VaccineTableViewCell.swift; sourceTree = "<group>"; };
		1B3DB4601EA4B6190009A289 /* FeedingTableViewController.swift */ = {isa = PBXFileReference; fileEncoding = 4; lastKnownFileType = sourcecode.swift; path = FeedingTableViewController.swift; sourceTree = "<group>"; };
		1B3DB4621EA4BF390009A289 /* FeedingTableViewCell.swift */ = {isa = PBXFileReference; fileEncoding = 4; lastKnownFileType = sourcecode.swift; path = FeedingTableViewCell.swift; sourceTree = "<group>"; };
		1B3DB4641EA4C8E10009A289 /* Feeding.swift */ = {isa = PBXFileReference; fileEncoding = 4; lastKnownFileType = sourcecode.swift; path = Feeding.swift; sourceTree = "<group>"; };
		1B3DB4661EA4DB670009A289 /* FeedingViewController.swift */ = {isa = PBXFileReference; fileEncoding = 4; lastKnownFileType = sourcecode.swift; path = FeedingViewController.swift; sourceTree = "<group>"; };
		1B54DF701E9D43B70017E5C1 /* Controlador.swift */ = {isa = PBXFileReference; fileEncoding = 4; lastKnownFileType = sourcecode.swift; path = Controlador.swift; sourceTree = "<group>"; };
		1B54DF721E9E47C80017E5C1 /* Vaccine.swift */ = {isa = PBXFileReference; fileEncoding = 4; lastKnownFileType = sourcecode.swift; path = Vaccine.swift; sourceTree = "<group>"; };
		1B5EE2EE1E673892002C2F06 /* CDI.app */ = {isa = PBXFileReference; explicitFileType = wrapper.application; includeInIndex = 0; path = CDI.app; sourceTree = BUILT_PRODUCTS_DIR; };
		1B5EE2F11E673892002C2F06 /* AppDelegate.swift */ = {isa = PBXFileReference; lastKnownFileType = sourcecode.swift; path = AppDelegate.swift; sourceTree = "<group>"; };
		1B5EE2F31E673892002C2F06 /* ViewController.swift */ = {isa = PBXFileReference; lastKnownFileType = sourcecode.swift; path = ViewController.swift; sourceTree = "<group>"; };
		1B5EE2F61E673892002C2F06 /* Base */ = {isa = PBXFileReference; lastKnownFileType = file.storyboard; name = Base; path = Base.lproj/Main.storyboard; sourceTree = "<group>"; };
		1B5EE2F91E673892002C2F06 /* CDI.xcdatamodel */ = {isa = PBXFileReference; lastKnownFileType = wrapper.xcdatamodel; path = CDI.xcdatamodel; sourceTree = "<group>"; };
		1B5EE2FB1E673892002C2F06 /* Assets.xcassets */ = {isa = PBXFileReference; lastKnownFileType = folder.assetcatalog; path = Assets.xcassets; sourceTree = "<group>"; };
		1B5EE2FE1E673892002C2F06 /* Base */ = {isa = PBXFileReference; lastKnownFileType = file.storyboard; name = Base; path = Base.lproj/LaunchScreen.storyboard; sourceTree = "<group>"; };
		1B5EE3001E673892002C2F06 /* Info.plist */ = {isa = PBXFileReference; lastKnownFileType = text.plist.xml; path = Info.plist; sourceTree = "<group>"; };
		1BAFD1B51E6C4F1A005F3F0C /* BackTableVC.swift */ = {isa = PBXFileReference; fileEncoding = 4; lastKnownFileType = sourcecode.swift; path = BackTableVC.swift; sourceTree = "<group>"; };
		1BD703991E6D94E300947DF0 /* SWRevealViewController.h */ = {isa = PBXFileReference; fileEncoding = 4; lastKnownFileType = sourcecode.c.h; path = SWRevealViewController.h; sourceTree = "<group>"; };
		1BD7039A1E6D94E300947DF0 /* SWRevealViewController.m */ = {isa = PBXFileReference; fileEncoding = 4; lastKnownFileType = sourcecode.c.objc; path = SWRevealViewController.m; sourceTree = "<group>"; };
		1BD703A21E6DD36800947DF0 /* ManagementTableViewCell.swift */ = {isa = PBXFileReference; fileEncoding = 4; lastKnownFileType = sourcecode.swift; name = ManagementTableViewCell.swift; path = ../ManagementTableViewCell.swift; sourceTree = "<group>"; };
		1BD703A81E6F169200947DF0 /* ManagementTableViewController.swift */ = {isa = PBXFileReference; fileEncoding = 4; lastKnownFileType = sourcecode.swift; path = ManagementTableViewController.swift; sourceTree = "<group>"; };
		1BD703AA1E7178E400947DF0 /* Animal.swift */ = {isa = PBXFileReference; fileEncoding = 4; lastKnownFileType = sourcecode.swift; path = Animal.swift; sourceTree = "<group>"; };
		1BD703AC1E71A38200947DF0 /* AnimalViewController.swift */ = {isa = PBXFileReference; fileEncoding = 4; lastKnownFileType = sourcecode.swift; path = AnimalViewController.swift; sourceTree = "<group>"; };
		1BD703AE1E72CFB100947DF0 /* AnimalDetailViewController.swift */ = {isa = PBXFileReference; fileEncoding = 4; lastKnownFileType = sourcecode.swift; path = AnimalDetailViewController.swift; sourceTree = "<group>"; };
		1BD703B21E74642F00947DF0 /* UnderlinedField.swift */ = {isa = PBXFileReference; fileEncoding = 4; lastKnownFileType = sourcecode.swift; name = UnderlinedField.swift; path = ../UnderlinedField.swift; sourceTree = "<group>"; };
		1BD703B41E74A26A00947DF0 /* UnderlinedLabel.swift */ = {isa = PBXFileReference; fileEncoding = 4; lastKnownFileType = sourcecode.swift; path = UnderlinedLabel.swift; sourceTree = "<group>"; };
		1BE797151E6888B300D74D12 /* CDI-Bridging-Header.h */ = {isa = PBXFileReference; lastKnownFileType = sourcecode.c.h; path = "CDI-Bridging-Header.h"; sourceTree = "<group>"; };
/* End PBXFileReference section */

/* Begin PBXFrameworksBuildPhase section */
		1B5EE2EB1E673892002C2F06 /* Frameworks */ = {
			isa = PBXFrameworksBuildPhase;
			buildActionMask = 2147483647;
			files = (
			);
			runOnlyForDeploymentPostprocessing = 0;
		};
/* End PBXFrameworksBuildPhase section */

/* Begin PBXGroup section */
		1B3DB42B1EA118150009A289 /* Births */ = {
			isa = PBXGroup;
			children = (
				1B3DB42C1EA119120009A289 /* Birth.swift */,
				1B3DB4341EA1306E0009A289 /* BirthViewController.swift */,
				1B3DB42E1EA11BC80009A289 /* BirthsTableViewCell.swift */,
				1B3DB4291EA118070009A289 /* BirthsTableViewController.swift */,
				1B3DB4321EA12E260009A289 /* BirthDetailViewController.swift */,
			);
			name = Births;
			sourceTree = "<group>";
		};
		1B3DB43D1EA375750009A289 /* Security */ = {
			isa = PBXGroup;
			children = (
				1B3DB43E1EA3759D0009A289 /* SecurityViewController.swift */,
				1B3DB4531EA3F36C0009A289 /* Temperatures */,
				1B3DB4521EA3F3630009A289 /* Pests */,
			);
			name = Security;
			sourceTree = "<group>";
		};
		1B3DB4521EA3F3630009A289 /* Pests */ = {
			isa = PBXGroup;
			children = (
				1B3DB4421EA37B7F0009A289 /* Pest.swift */,
				1B3DB44E1EA3B5BC0009A289 /* PestViewController.swift */,
				1B3DB4441EA37BB90009A289 /* PestTableViewCell.swift */,
				1B3DB4461EA37DBC0009A289 /* PestInputTableViewCell.swift */,
				1B3DB4401EA37B460009A289 /* PestTableViewController.swift */,
			);
			name = Pests;
			sourceTree = "<group>";
		};
		1B3DB4531EA3F36C0009A289 /* Temperatures */ = {
			isa = PBXGroup;
			children = (
				1B3DB4501EA3CF8E0009A289 /* TemperatureViewController.swift */,
			);
			name = Temperatures;
			sourceTree = "<group>";
		};
		1B3DB4541EA3F3810009A289 /* Data */ = {
			isa = PBXGroup;
			children = (
				1B1D29E31E8AB186000772B6 /* data.csv */,
				1B3DB4301EA12C6A0009A289 /* birthsData.csv */,
			);
			name = Data;
			sourceTree = "<group>";
		};
		1B3DB4551EA3F3BB0009A289 /* Menu */ = {
			isa = PBXGroup;
			children = (
				1BAFD1B51E6C4F1A005F3F0C /* BackTableVC.swift */,
			);
			name = Menu;
			sourceTree = "<group>";
		};
		1B3DB4681EA4E8200009A289 /* Feeding */ = {
			isa = PBXGroup;
			children = (
				1B3DB4621EA4BF390009A289 /* FeedingTableViewCell.swift */,
				1B3DB4661EA4DB670009A289 /* FeedingViewController.swift */,
				1B3DB4601EA4B6190009A289 /* FeedingTableViewController.swift */,
				1B3DB4641EA4C8E10009A289 /* Feeding.swift */,
			);
			name = Feeding;
			sourceTree = "<group>";
		};
		1B54DF761E9FDA390017E5C1 /* Vaccine */ = {
			isa = PBXGroup;
			children = (
				1B54DF701E9D43B70017E5C1 /* Controlador.swift */,
			);
			name = Vaccine;
			sourceTree = "<group>";
		};
		1B5EE2E51E673892002C2F06 = {
			isa = PBXGroup;
			children = (
				1B5EE2F01E673892002C2F06 /* CDI */,
				1B5EE2EF1E673892002C2F06 /* Products */,
			);
			sourceTree = "<group>";
		};
		1B5EE2EF1E673892002C2F06 /* Products */ = {
			isa = PBXGroup;
			children = (
				1B5EE2EE1E673892002C2F06 /* CDI.app */,
			);
			name = Products;
			sourceTree = "<group>";
		};
		1B5EE2F01E673892002C2F06 /* CDI */ = {
			isa = PBXGroup;
			children = (
				1B5EE2F11E673892002C2F06 /* AppDelegate.swift */,
				1B5EE2F31E673892002C2F06 /* ViewController.swift */,
				1B5EE2F51E673892002C2F06 /* Main.storyboard */,
				1B5EE2FD1E673892002C2F06 /* LaunchScreen.storyboard */,
				1B3DB4681EA4E8200009A289 /* Feeding */,
				1B3DB4551EA3F3BB0009A289 /* Menu */,
				1BD703B81E74A29400947DF0 /* Management */,
				1B3DB42B1EA118150009A289 /* Births */,
				1B54DF761E9FDA390017E5C1 /* Vaccine */,
				1B3DB43D1EA375750009A289 /* Security */,
				1B5EE2FB1E673892002C2F06 /* Assets.xcassets */,
				1B5EE3001E673892002C2F06 /* Info.plist */,
				1B5EE2F81E673892002C2F06 /* CDI.xcdatamodeld */,
				1B1D29BE1E8AAF3A000772B6 /* csv.swift */,
				1BD703B61E74A27F00947DF0 /* Underlines */,
				1BE797191E6888DD00D74D12 /* View */,
				1B3DB4541EA3F3810009A289 /* Data */,
			);
			path = CDI;
			sourceTree = "<group>";
		};
		1BD703B61E74A27F00947DF0 /* Underlines */ = {
			isa = PBXGroup;
			children = (
				1BD703B41E74A26A00947DF0 /* UnderlinedLabel.swift */,
				1BD703B21E74642F00947DF0 /* UnderlinedField.swift */,
			);
			name = Underlines;
			sourceTree = "<group>";
		};
		1BD703B81E74A29400947DF0 /* Management */ = {
			isa = PBXGroup;
			children = (
				1BD703AA1E7178E400947DF0 /* Animal.swift */,
				1BD703AC1E71A38200947DF0 /* AnimalViewController.swift */,
				1B3DB4271EA0D4690009A289 /* AnimalTabController.swift */,
				1BD703AE1E72CFB100947DF0 /* AnimalDetailViewController.swift */,
				1BD703A81E6F169200947DF0 /* ManagementTableViewController.swift */,
				1BD703A21E6DD36800947DF0 /* ManagementTableViewCell.swift */,
				1B54DF721E9E47C80017E5C1 /* Vaccine.swift */,
				1B3DB45E1EA443670009A289 /* VaccineTableViewCell.swift */,
				1B3DB4561EA441370009A289 /* Pill.swift */,
				1B3DB45C1EA443590009A289 /* PillTableViewCell.swift */,
			);
			name = Management;
			sourceTree = "<group>";
		};
		1BE797191E6888DD00D74D12 /* View */ = {
			isa = PBXGroup;
			children = (
				1BD703991E6D94E300947DF0 /* SWRevealViewController.h */,
				1BD7039A1E6D94E300947DF0 /* SWRevealViewController.m */,
				1BE797151E6888B300D74D12 /* CDI-Bridging-Header.h */,
			);
			name = View;
			sourceTree = "<group>";
		};
/* End PBXGroup section */

/* Begin PBXNativeTarget section */
		1B5EE2ED1E673892002C2F06 /* CDI */ = {
			isa = PBXNativeTarget;
			buildConfigurationList = 1B5EE3031E673892002C2F06 /* Build configuration list for PBXNativeTarget "CDI" */;
			buildPhases = (
				1B5EE2EA1E673892002C2F06 /* Sources */,
				1B5EE2EB1E673892002C2F06 /* Frameworks */,
				1B5EE2EC1E673892002C2F06 /* Resources */,
			);
			buildRules = (
			);
			dependencies = (
			);
			name = CDI;
			productName = CDI;
			productReference = 1B5EE2EE1E673892002C2F06 /* CDI.app */;
			productType = "com.apple.product-type.application";
		};
/* End PBXNativeTarget section */

/* Begin PBXProject section */
		1B5EE2E61E673892002C2F06 /* Project object */ = {
			isa = PBXProject;
			attributes = {
				LastSwiftUpdateCheck = 0820;
				LastUpgradeCheck = 0820;
				ORGANIZATIONNAME = ETSISI;
				TargetAttributes = {
					1B5EE2ED1E673892002C2F06 = {
						CreatedOnToolsVersion = 8.2.1;
						DevelopmentTeam = 63QZ96U9F5;
						LastSwiftMigration = 0820;
						ProvisioningStyle = Automatic;
					};
				};
			};
			buildConfigurationList = 1B5EE2E91E673892002C2F06 /* Build configuration list for PBXProject "CDI" */;
			compatibilityVersion = "Xcode 3.2";
			developmentRegion = English;
			hasScannedForEncodings = 0;
			knownRegions = (
				en,
				Base,
			);
			mainGroup = 1B5EE2E51E673892002C2F06;
			productRefGroup = 1B5EE2EF1E673892002C2F06 /* Products */;
			projectDirPath = "";
			projectRoot = "";
			targets = (
				1B5EE2ED1E673892002C2F06 /* CDI */,
			);
		};
/* End PBXProject section */

/* Begin PBXResourcesBuildPhase section */
		1B5EE2EC1E673892002C2F06 /* Resources */ = {
			isa = PBXResourcesBuildPhase;
			buildActionMask = 2147483647;
			files = (
				1B1D29E41E8AB186000772B6 /* data.csv in Resources */,
				1B3DB4311EA12C6A0009A289 /* birthsData.csv in Resources */,
				1B5EE2FF1E673892002C2F06 /* LaunchScreen.storyboard in Resources */,
				1B5EE2FC1E673892002C2F06 /* Assets.xcassets in Resources */,
				1B5EE2F71E673892002C2F06 /* Main.storyboard in Resources */,
			);
			runOnlyForDeploymentPostprocessing = 0;
		};
/* End PBXResourcesBuildPhase section */

/* Begin PBXSourcesBuildPhase section */
		1B5EE2EA1E673892002C2F06 /* Sources */ = {
			isa = PBXSourcesBuildPhase;
			buildActionMask = 2147483647;
			files = (
				1BD703A91E6F169200947DF0 /* ManagementTableViewController.swift in Sources */,
				1B3DB42D1EA119120009A289 /* Birth.swift in Sources */,
				1B3DB4651EA4C8E10009A289 /* Feeding.swift in Sources */,
				1B3DB4471EA37DBC0009A289 /* PestInputTableViewCell.swift in Sources */,
				1BD703B31E74642F00947DF0 /* UnderlinedField.swift in Sources */,
				1B1D29BF1E8AAF3A000772B6 /* csv.swift in Sources */,
				1BD703A31E6DD36800947DF0 /* ManagementTableViewCell.swift in Sources */,
				1BAFD1B61E6C4F1A005F3F0C /* BackTableVC.swift in Sources */,
				1B3DB45F1EA443670009A289 /* VaccineTableViewCell.swift in Sources */,
				1B3DB4611EA4B6190009A289 /* FeedingTableViewController.swift in Sources */,
				1BD703B51E74A26A00947DF0 /* UnderlinedLabel.swift in Sources */,
				1BD703AD1E71A38200947DF0 /* AnimalViewController.swift in Sources */,
				1B5EE2F41E673892002C2F06 /* ViewController.swift in Sources */,
				1BD7039B1E6D94E300947DF0 /* SWRevealViewController.m in Sources */,
				1B3DB4281EA0D4690009A289 /* AnimalTabController.swift in Sources */,
				1B3DB45D1EA443590009A289 /* PillTableViewCell.swift in Sources */,
				1B3DB42A1EA118070009A289 /* BirthsTableViewController.swift in Sources */,
				1B3DB44F1EA3B5BC0009A289 /* PestViewController.swift in Sources */,
				1B3DB4511EA3CF8E0009A289 /* TemperatureViewController.swift in Sources */,
				1B3DB4451EA37BB90009A289 /* PestTableViewCell.swift in Sources */,
				1B5EE2F21E673892002C2F06 /* AppDelegate.swift in Sources */,
				1B3DB4571EA441370009A289 /* Pill.swift in Sources */,
				1BD703AF1E72CFB100947DF0 /* AnimalDetailViewController.swift in Sources */,
				1B3DB42F1EA11BC80009A289 /* BirthsTableViewCell.swift in Sources */,
				1B54DF731E9E47C80017E5C1 /* Vaccine.swift in Sources */,
				1B3DB43F1EA3759D0009A289 /* SecurityViewController.swift in Sources */,
				1B3DB4671EA4DB670009A289 /* FeedingViewController.swift in Sources */,
				1B3DB4411EA37B460009A289 /* PestTableViewController.swift in Sources */,
				1B3DB4631EA4BF390009A289 /* FeedingTableViewCell.swift in Sources */,
				1B5EE2FA1E673892002C2F06 /* CDI.xcdatamodeld in Sources */,
				1B3DB4331EA12E260009A289 /* BirthDetailViewController.swift in Sources */,
				1B3DB4431EA37B7F0009A289 /* Pest.swift in Sources */,
				1B3DB4351EA1306E0009A289 /* BirthViewController.swift in Sources */,
				1BD703AB1E7178E400947DF0 /* Animal.swift in Sources */,
				1B54DF711E9D43B70017E5C1 /* Controlador.swift in Sources */,
			);
			runOnlyForDeploymentPostprocessing = 0;
		};
/* End PBXSourcesBuildPhase section */

/* Begin PBXVariantGroup section */
		1B5EE2F51E673892002C2F06 /* Main.storyboard */ = {
			isa = PBXVariantGroup;
			children = (
				1B5EE2F61E673892002C2F06 /* Base */,
				1B1B4EB41E8153D100B0E3B1 /* es */,
			);
			name = Main.storyboard;
			sourceTree = "<group>";
		};
		1B5EE2FD1E673892002C2F06 /* LaunchScreen.storyboard */ = {
			isa = PBXVariantGroup;
			children = (
				1B5EE2FE1E673892002C2F06 /* Base */,
				1B1B4EB51E8153D100B0E3B1 /* es */,
			);
			name = LaunchScreen.storyboard;
			sourceTree = "<group>";
		};
/* End PBXVariantGroup section */

/* Begin XCBuildConfiguration section */
		1B5EE3011E673892002C2F06 /* Debug */ = {
			isa = XCBuildConfiguration;
			buildSettings = {
				ALWAYS_SEARCH_USER_PATHS = NO;
				CLANG_ANALYZER_LOCALIZABILITY_NONLOCALIZED = YES;
				CLANG_ANALYZER_NONNULL = YES;
				CLANG_CXX_LANGUAGE_STANDARD = "gnu++0x";
				CLANG_CXX_LIBRARY = "libc++";
				CLANG_ENABLE_MODULES = YES;
				CLANG_ENABLE_OBJC_ARC = YES;
				CLANG_WARN_BOOL_CONVERSION = YES;
				CLANG_WARN_CONSTANT_CONVERSION = YES;
				CLANG_WARN_DIRECT_OBJC_ISA_USAGE = YES_ERROR;
				CLANG_WARN_DOCUMENTATION_COMMENTS = YES;
				CLANG_WARN_EMPTY_BODY = YES;
				CLANG_WARN_ENUM_CONVERSION = YES;
				CLANG_WARN_INFINITE_RECURSION = YES;
				CLANG_WARN_INT_CONVERSION = YES;
				CLANG_WARN_OBJC_ROOT_CLASS = YES_ERROR;
				CLANG_WARN_SUSPICIOUS_MOVE = YES;
				CLANG_WARN_UNREACHABLE_CODE = YES;
				CLANG_WARN__DUPLICATE_METHOD_MATCH = YES;
				"CODE_SIGN_IDENTITY[sdk=iphoneos*]" = "iPhone Developer";
				COPY_PHASE_STRIP = NO;
				DEBUG_INFORMATION_FORMAT = dwarf;
				ENABLE_STRICT_OBJC_MSGSEND = YES;
				ENABLE_TESTABILITY = YES;
				GCC_C_LANGUAGE_STANDARD = gnu99;
				GCC_DYNAMIC_NO_PIC = NO;
				GCC_NO_COMMON_BLOCKS = YES;
				GCC_OPTIMIZATION_LEVEL = 0;
				GCC_PREPROCESSOR_DEFINITIONS = (
					"DEBUG=1",
					"$(inherited)",
				);
				GCC_WARN_64_TO_32_BIT_CONVERSION = YES;
				GCC_WARN_ABOUT_RETURN_TYPE = YES_ERROR;
				GCC_WARN_UNDECLARED_SELECTOR = YES;
				GCC_WARN_UNINITIALIZED_AUTOS = YES_AGGRESSIVE;
				GCC_WARN_UNUSED_FUNCTION = YES;
				GCC_WARN_UNUSED_VARIABLE = YES;
				IPHONEOS_DEPLOYMENT_TARGET = 10.2;
				MTL_ENABLE_DEBUG_INFO = YES;
				ONLY_ACTIVE_ARCH = YES;
				SDKROOT = iphoneos;
				SWIFT_ACTIVE_COMPILATION_CONDITIONS = DEBUG;
				SWIFT_OPTIMIZATION_LEVEL = "-Onone";
				TARGETED_DEVICE_FAMILY = "1,2";
			};
			name = Debug;
		};
		1B5EE3021E673892002C2F06 /* Release */ = {
			isa = XCBuildConfiguration;
			buildSettings = {
				ALWAYS_SEARCH_USER_PATHS = NO;
				CLANG_ANALYZER_LOCALIZABILITY_NONLOCALIZED = YES;
				CLANG_ANALYZER_NONNULL = YES;
				CLANG_CXX_LANGUAGE_STANDARD = "gnu++0x";
				CLANG_CXX_LIBRARY = "libc++";
				CLANG_ENABLE_MODULES = YES;
				CLANG_ENABLE_OBJC_ARC = YES;
				CLANG_WARN_BOOL_CONVERSION = YES;
				CLANG_WARN_CONSTANT_CONVERSION = YES;
				CLANG_WARN_DIRECT_OBJC_ISA_USAGE = YES_ERROR;
				CLANG_WARN_DOCUMENTATION_COMMENTS = YES;
				CLANG_WARN_EMPTY_BODY = YES;
				CLANG_WARN_ENUM_CONVERSION = YES;
				CLANG_WARN_INFINITE_RECURSION = YES;
				CLANG_WARN_INT_CONVERSION = YES;
				CLANG_WARN_OBJC_ROOT_CLASS = YES_ERROR;
				CLANG_WARN_SUSPICIOUS_MOVE = YES;
				CLANG_WARN_UNREACHABLE_CODE = YES;
				CLANG_WARN__DUPLICATE_METHOD_MATCH = YES;
				"CODE_SIGN_IDENTITY[sdk=iphoneos*]" = "iPhone Developer";
				COPY_PHASE_STRIP = NO;
				DEBUG_INFORMATION_FORMAT = "dwarf-with-dsym";
				ENABLE_NS_ASSERTIONS = NO;
				ENABLE_STRICT_OBJC_MSGSEND = YES;
				GCC_C_LANGUAGE_STANDARD = gnu99;
				GCC_NO_COMMON_BLOCKS = YES;
				GCC_WARN_64_TO_32_BIT_CONVERSION = YES;
				GCC_WARN_ABOUT_RETURN_TYPE = YES_ERROR;
				GCC_WARN_UNDECLARED_SELECTOR = YES;
				GCC_WARN_UNINITIALIZED_AUTOS = YES_AGGRESSIVE;
				GCC_WARN_UNUSED_FUNCTION = YES;
				GCC_WARN_UNUSED_VARIABLE = YES;
				IPHONEOS_DEPLOYMENT_TARGET = 10.2;
				MTL_ENABLE_DEBUG_INFO = NO;
				SDKROOT = iphoneos;
				SWIFT_OPTIMIZATION_LEVEL = "-Owholemodule";
				TARGETED_DEVICE_FAMILY = "1,2";
				VALIDATE_PRODUCT = YES;
			};
			name = Release;
		};
		1B5EE3041E673892002C2F06 /* Debug */ = {
			isa = XCBuildConfiguration;
			buildSettings = {
				ASSETCATALOG_COMPILER_APPICON_NAME = AppIcon;
				CLANG_ENABLE_MODULES = YES;
				DEVELOPMENT_TEAM = 63QZ96U9F5;
				INFOPLIST_FILE = CDI/Info.plist;
				LD_RUNPATH_SEARCH_PATHS = "$(inherited) @executable_path/Frameworks";
				PRODUCT_BUNDLE_IDENTIFIER = eTSISI.CDI;
				PRODUCT_NAME = "$(TARGET_NAME)";
				SWIFT_OBJC_BRIDGING_HEADER = "CDI/CDI-Bridging-Header.h";
				SWIFT_OPTIMIZATION_LEVEL = "-Onone";
				SWIFT_VERSION = 3.0;
			};
			name = Debug;
		};
		1B5EE3051E673892002C2F06 /* Release */ = {
			isa = XCBuildConfiguration;
			buildSettings = {
				ASSETCATALOG_COMPILER_APPICON_NAME = AppIcon;
				CLANG_ENABLE_MODULES = YES;
				DEVELOPMENT_TEAM = 63QZ96U9F5;
				INFOPLIST_FILE = CDI/Info.plist;
				LD_RUNPATH_SEARCH_PATHS = "$(inherited) @executable_path/Frameworks";
				PRODUCT_BUNDLE_IDENTIFIER = eTSISI.CDI;
				PRODUCT_NAME = "$(TARGET_NAME)";
				SWIFT_OBJC_BRIDGING_HEADER = "CDI/CDI-Bridging-Header.h";
				SWIFT_VERSION = 3.0;
			};
			name = Release;
		};
/* End XCBuildConfiguration section */

/* Begin XCConfigurationList section */
		1B5EE2E91E673892002C2F06 /* Build configuration list for PBXProject "CDI" */ = {
			isa = XCConfigurationList;
			buildConfigurations = (
				1B5EE3011E673892002C2F06 /* Debug */,
				1B5EE3021E673892002C2F06 /* Release */,
			);
			defaultConfigurationIsVisible = 0;
			defaultConfigurationName = Release;
		};
		1B5EE3031E673892002C2F06 /* Build configuration list for PBXNativeTarget "CDI" */ = {
			isa = XCConfigurationList;
			buildConfigurations = (
				1B5EE3041E673892002C2F06 /* Debug */,
				1B5EE3051E673892002C2F06 /* Release */,
			);
			defaultConfigurationIsVisible = 0;
			defaultConfigurationName = Release;
		};
/* End XCConfigurationList section */

/* Begin XCVersionGroup section */
		1B5EE2F81E673892002C2F06 /* CDI.xcdatamodeld */ = {
			isa = XCVersionGroup;
			children = (
				1B5EE2F91E673892002C2F06 /* CDI.xcdatamodel */,
			);
			currentVersion = 1B5EE2F91E673892002C2F06 /* CDI.xcdatamodel */;
			path = CDI.xcdatamodeld;
			sourceTree = "<group>";
			versionGroupType = wrapper.xcdatamodel;
		};
/* End XCVersionGroup section */
	};
	rootObject = 1B5EE2E61E673892002C2F06 /* Project object */;
}
